
Microsoft Visual Studio Solution File, Format Version 12.00
Project("{FAE04EC0-301F-11D3-BF4B-00C04F79EFBC}") = "TelegramWeatherBot.Server", "TelegramWeatherBot.Server\TelegramWeatherBot.Server.csproj", "{384771EA-9F34-4EBF-8CB5-D531B1A0550F}"
EndProject
Project("{2150E333-8FDC-42A3-9474-1A3956D46DE8}") = "TelegramBot", "TelegramBot", "{199F0273-12AE-4FEC-B8CA-806D2C464A07}"
EndProject
Project("{FAE04EC0-301F-11D3-BF4B-00C04F79EFBC}") = "TelegramWeatherBot.Core", "TelegramWeatherBot.Core\TelegramWeatherBot.Core.csproj", "{5F07D6A3-34E2-421F-8318-C0A1333F5514}"
EndProject
Project("{FAE04EC0-301F-11D3-BF4B-00C04F79EFBC}") = "TelegramWeatherBot.Services", "TelegramWeatherBot.Services\TelegramWeatherBot.Services.csproj", "{2473FAD8-E6E4-43CD-B72D-15B46EA31D67}"
EndProject
Project("{2150E333-8FDC-42A3-9474-1A3956D46DE8}") = "Applications", "Applications", "{AC55BDCE-3864-4BBC-A7F3-A4DA298DEB15}"
EndProject
Project("{2150E333-8FDC-42A3-9474-1A3956D46DE8}") = "UsersManagement", "UsersManagement", "{F7695D76-864C-4BF4-B1AC-2C825B790B99}"
EndProject
Project("{FAE04EC0-301F-11D3-BF4B-00C04F79EFBC}") = "UsersManagement", "UsersManagement\UsersManagement.csproj", "{70623709-DEFA-4BEF-914B-0269D7910E4D}"
EndProject
Project("{FAE04EC0-301F-11D3-BF4B-00C04F79EFBC}") = "OpenWeather", "OpenWeather\OpenWeather.csproj", "{6225CAB3-E072-4845-9239-C2C6E5262079}"
EndProject
Project("{FAE04EC0-301F-11D3-BF4B-00C04F79EFBC}") = "UsersManagement.DataBase", "UsersManagement.DataBase\UsersManagement.DataBase.csproj", "{52AEB335-3A0A-44F4-AEE6-A62F3630E4BE}"
EndProject
Project("{FAE04EC0-301F-11D3-BF4B-00C04F79EFBC}") = "UsersManagement.Domain", "UsersManagement.Domain\UsersManagement.Domain.csproj", "{59163F56-4AC9-4D7A-9D93-C06707F01EFC}"
EndProject
Project("{FAE04EC0-301F-11D3-BF4B-00C04F79EFBC}") = "UsersManagement.Infrastructure", "UsersManagement.Infrastructure\UsersManagement.Infrastructure.csproj", "{64B143D1-BD12-4E6F-A7B1-7926946813C6}"
EndProject
Global
	GlobalSection(SolutionConfigurationPlatforms) = preSolution
		Debug|Any CPU = Debug|Any CPU
		Release|Any CPU = Release|Any CPU
	EndGlobalSection
	GlobalSection(ProjectConfigurationPlatforms) = postSolution
		{384771EA-9F34-4EBF-8CB5-D531B1A0550F}.Debug|Any CPU.ActiveCfg = Debug|Any CPU
		{384771EA-9F34-4EBF-8CB5-D531B1A0550F}.Debug|Any CPU.Build.0 = Debug|Any CPU
		{384771EA-9F34-4EBF-8CB5-D531B1A0550F}.Release|Any CPU.ActiveCfg = Release|Any CPU
		{384771EA-9F34-4EBF-8CB5-D531B1A0550F}.Release|Any CPU.Build.0 = Release|Any CPU
		{5F07D6A3-34E2-421F-8318-C0A1333F5514}.Debug|Any CPU.ActiveCfg = Debug|Any CPU
		{5F07D6A3-34E2-421F-8318-C0A1333F5514}.Debug|Any CPU.Build.0 = Debug|Any CPU
		{5F07D6A3-34E2-421F-8318-C0A1333F5514}.Release|Any CPU.ActiveCfg = Release|Any CPU
		{5F07D6A3-34E2-421F-8318-C0A1333F5514}.Release|Any CPU.Build.0 = Release|Any CPU
		{2473FAD8-E6E4-43CD-B72D-15B46EA31D67}.Debug|Any CPU.ActiveCfg = Debug|Any CPU
		{2473FAD8-E6E4-43CD-B72D-15B46EA31D67}.Debug|Any CPU.Build.0 = Debug|Any CPU
		{2473FAD8-E6E4-43CD-B72D-15B46EA31D67}.Release|Any CPU.ActiveCfg = Release|Any CPU
		{2473FAD8-E6E4-43CD-B72D-15B46EA31D67}.Release|Any CPU.Build.0 = Release|Any CPU
		{70623709-DEFA-4BEF-914B-0269D7910E4D}.Debug|Any CPU.ActiveCfg = Debug|Any CPU
		{70623709-DEFA-4BEF-914B-0269D7910E4D}.Debug|Any CPU.Build.0 = Debug|Any CPU
		{70623709-DEFA-4BEF-914B-0269D7910E4D}.Release|Any CPU.ActiveCfg = Release|Any CPU
		{70623709-DEFA-4BEF-914B-0269D7910E4D}.Release|Any CPU.Build.0 = Release|Any CPU
		{6225CAB3-E072-4845-9239-C2C6E5262079}.Debug|Any CPU.ActiveCfg = Debug|Any CPU
		{6225CAB3-E072-4845-9239-C2C6E5262079}.Debug|Any CPU.Build.0 = Debug|Any CPU
		{6225CAB3-E072-4845-9239-C2C6E5262079}.Release|Any CPU.ActiveCfg = Release|Any CPU
		{6225CAB3-E072-4845-9239-C2C6E5262079}.Release|Any CPU.Build.0 = Release|Any CPU
		{52AEB335-3A0A-44F4-AEE6-A62F3630E4BE}.Debug|Any CPU.ActiveCfg = Debug|Any CPU
		{52AEB335-3A0A-44F4-AEE6-A62F3630E4BE}.Debug|Any CPU.Build.0 = Debug|Any CPU
		{52AEB335-3A0A-44F4-AEE6-A62F3630E4BE}.Release|Any CPU.ActiveCfg = Release|Any CPU
		{52AEB335-3A0A-44F4-AEE6-A62F3630E4BE}.Release|Any CPU.Build.0 = Release|Any CPU
		{59163F56-4AC9-4D7A-9D93-C06707F01EFC}.Debug|Any CPU.ActiveCfg = Debug|Any CPU
		{59163F56-4AC9-4D7A-9D93-C06707F01EFC}.Debug|Any CPU.Build.0 = Debug|Any CPU
		{59163F56-4AC9-4D7A-9D93-C06707F01EFC}.Release|Any CPU.ActiveCfg = Release|Any CPU
		{59163F56-4AC9-4D7A-9D93-C06707F01EFC}.Release|Any CPU.Build.0 = Release|Any CPU
		{64B143D1-BD12-4E6F-A7B1-7926946813C6}.Debug|Any CPU.ActiveCfg = Debug|Any CPU
		{64B143D1-BD12-4E6F-A7B1-7926946813C6}.Debug|Any CPU.Build.0 = Debug|Any CPU
		{64B143D1-BD12-4E6F-A7B1-7926946813C6}.Release|Any CPU.ActiveCfg = Release|Any CPU
		{64B143D1-BD12-4E6F-A7B1-7926946813C6}.Release|Any CPU.Build.0 = Release|Any CPU
	EndGlobalSection
	GlobalSection(NestedProjects) = preSolution
		{384771EA-9F34-4EBF-8CB5-D531B1A0550F} = {199F0273-12AE-4FEC-B8CA-806D2C464A07}
		{5F07D6A3-34E2-421F-8318-C0A1333F5514} = {199F0273-12AE-4FEC-B8CA-806D2C464A07}
		{2473FAD8-E6E4-43CD-B72D-15B46EA31D67} = {199F0273-12AE-4FEC-B8CA-806D2C464A07}
		{F7695D76-864C-4BF4-B1AC-2C825B790B99} = {AC55BDCE-3864-4BBC-A7F3-A4DA298DEB15}
		{70623709-DEFA-4BEF-914B-0269D7910E4D} = {F7695D76-864C-4BF4-B1AC-2C825B790B99}
		{52AEB335-3A0A-44F4-AEE6-A62F3630E4BE} = {F7695D76-864C-4BF4-B1AC-2C825B790B99}
		{59163F56-4AC9-4D7A-9D93-C06707F01EFC} = {F7695D76-864C-4BF4-B1AC-2C825B790B99}
		{64B143D1-BD12-4E6F-A7B1-7926946813C6} = {F7695D76-864C-4BF4-B1AC-2C825B790B99}
	EndGlobalSection
EndGlobal
