
Microsoft Visual Studio Solution File, Format Version 12.00
Project("{FAE04EC0-301F-11D3-BF4B-00C04F79EFBC}") = "TelegramWeatherBot.Server", "TelegramWeatherBot.Server\TelegramWeatherBot.Server.csproj", "{384771EA-9F34-4EBF-8CB5-D531B1A0550F}"
EndProject
Project("{2150E333-8FDC-42A3-9474-1A3956D46DE8}") = "TelegramBot", "TelegramBot", "{199F0273-12AE-4FEC-B8CA-806D2C464A07}"
EndProject
Project("{2150E333-8FDC-42A3-9474-1A3956D46DE8}") = "Applications", "Applications", "{AC55BDCE-3864-4BBC-A7F3-A4DA298DEB15}"
EndProject
Project("{2150E333-8FDC-42A3-9474-1A3956D46DE8}") = "UsersManagement", "UsersManagement", "{F7695D76-864C-4BF4-B1AC-2C825B790B99}"
EndProject
Project("{FAE04EC0-301F-11D3-BF4B-00C04F79EFBC}") = "UsersManagement", "UsersManagement\UsersManagement.csproj", "{70623709-DEFA-4BEF-914B-0269D7910E4D}"
EndProject
Project("{FAE04EC0-301F-11D3-BF4B-00C04F79EFBC}") = "UsersManagement.BAL", "UsersManagement.BAL\UsersManagement.BAL.csproj", "{6A1968C1-E090-4CFC-AB18-91BC92C40E4F}"
EndProject
Project("{FAE04EC0-301F-11D3-BF4B-00C04F79EFBC}") = "UsersManagement.DAL", "UsersManagement.DAL\UsersManagement.DAL.csproj", "{F5E4A849-8BE5-4A97-9DA2-AD274A32D841}"
EndProject
Project("{FAE04EC0-301F-11D3-BF4B-00C04F79EFBC}") = "OpenWeather", "OpenWeather\OpenWeather.csproj", "{D05B7338-A305-4D94-BBE4-4894D06ED4AE}"
EndProject
Project("{FAE04EC0-301F-11D3-BF4B-00C04F79EFBC}") = "HttpHelpers", "HttpHelpers\HttpHelpers.csproj", "{E625D969-245D-4589-A67F-4EC7BE8A2859}"
EndProject
Global
	GlobalSection(SolutionConfigurationPlatforms) = preSolution
		Debug|Any CPU = Debug|Any CPU
		Release|Any CPU = Release|Any CPU
	EndGlobalSection
	GlobalSection(ProjectConfigurationPlatforms) = postSolution
		{384771EA-9F34-4EBF-8CB5-D531B1A0550F}.Debug|Any CPU.ActiveCfg = Debug|Any CPU
		{384771EA-9F34-4EBF-8CB5-D531B1A0550F}.Debug|Any CPU.Build.0 = Debug|Any CPU
		{384771EA-9F34-4EBF-8CB5-D531B1A0550F}.Release|Any CPU.ActiveCfg = Release|Any CPU
		{384771EA-9F34-4EBF-8CB5-D531B1A0550F}.Release|Any CPU.Build.0 = Release|Any CPU
		{70623709-DEFA-4BEF-914B-0269D7910E4D}.Debug|Any CPU.ActiveCfg = Debug|Any CPU
		{70623709-DEFA-4BEF-914B-0269D7910E4D}.Debug|Any CPU.Build.0 = Debug|Any CPU
		{70623709-DEFA-4BEF-914B-0269D7910E4D}.Release|Any CPU.ActiveCfg = Release|Any CPU
		{70623709-DEFA-4BEF-914B-0269D7910E4D}.Release|Any CPU.Build.0 = Release|Any CPU
		{6A1968C1-E090-4CFC-AB18-91BC92C40E4F}.Debug|Any CPU.ActiveCfg = Debug|Any CPU
		{6A1968C1-E090-4CFC-AB18-91BC92C40E4F}.Debug|Any CPU.Build.0 = Debug|Any CPU
		{6A1968C1-E090-4CFC-AB18-91BC92C40E4F}.Release|Any CPU.ActiveCfg = Release|Any CPU
		{6A1968C1-E090-4CFC-AB18-91BC92C40E4F}.Release|Any CPU.Build.0 = Release|Any CPU
		{F5E4A849-8BE5-4A97-9DA2-AD274A32D841}.Debug|Any CPU.ActiveCfg = Debug|Any CPU
		{F5E4A849-8BE5-4A97-9DA2-AD274A32D841}.Debug|Any CPU.Build.0 = Debug|Any CPU
		{F5E4A849-8BE5-4A97-9DA2-AD274A32D841}.Release|Any CPU.ActiveCfg = Release|Any CPU
		{F5E4A849-8BE5-4A97-9DA2-AD274A32D841}.Release|Any CPU.Build.0 = Release|Any CPU
		{D05B7338-A305-4D94-BBE4-4894D06ED4AE}.Debug|Any CPU.ActiveCfg = Debug|Any CPU
		{D05B7338-A305-4D94-BBE4-4894D06ED4AE}.Debug|Any CPU.Build.0 = Debug|Any CPU
		{D05B7338-A305-4D94-BBE4-4894D06ED4AE}.Release|Any CPU.ActiveCfg = Release|Any CPU
		{D05B7338-A305-4D94-BBE4-4894D06ED4AE}.Release|Any CPU.Build.0 = Release|Any CPU
		{E625D969-245D-4589-A67F-4EC7BE8A2859}.Debug|Any CPU.ActiveCfg = Debug|Any CPU
		{E625D969-245D-4589-A67F-4EC7BE8A2859}.Debug|Any CPU.Build.0 = Debug|Any CPU
		{E625D969-245D-4589-A67F-4EC7BE8A2859}.Release|Any CPU.ActiveCfg = Release|Any CPU
		{E625D969-245D-4589-A67F-4EC7BE8A2859}.Release|Any CPU.Build.0 = Release|Any CPU
	EndGlobalSection
	GlobalSection(NestedProjects) = preSolution
		{384771EA-9F34-4EBF-8CB5-D531B1A0550F} = {199F0273-12AE-4FEC-B8CA-806D2C464A07}
		{F7695D76-864C-4BF4-B1AC-2C825B790B99} = {AC55BDCE-3864-4BBC-A7F3-A4DA298DEB15}
		{70623709-DEFA-4BEF-914B-0269D7910E4D} = {F7695D76-864C-4BF4-B1AC-2C825B790B99}
		{6A1968C1-E090-4CFC-AB18-91BC92C40E4F} = {F7695D76-864C-4BF4-B1AC-2C825B790B99}
		{F5E4A849-8BE5-4A97-9DA2-AD274A32D841} = {F7695D76-864C-4BF4-B1AC-2C825B790B99}
	EndGlobalSection
EndGlobal
